
Microsoft Visual Studio Solution File, Format Version 12.00
# Visual Studio Version 16
VisualStudioVersion = 16.0.30503.244
MinimumVisualStudioVersion = 10.0.40219.1
Project("{FAE04EC0-301F-11D3-BF4B-00C04F79EFBC}") = "Laba_1", "Laba_1.csproj", "{9653D0C1-FECF-425C-8FB8-A1190CF9D452}"
EndProject
Global
	GlobalSection(SolutionConfigurationPlatforms) = preSolution
		Debug|Any CPU = Debug|Any CPU
		Release|Any CPU = Release|Any CPU
	EndGlobalSection
	GlobalSection(ProjectConfigurationPlatforms) = postSolution
		{9653D0C1-FECF-425C-8FB8-A1190CF9D452}.Debug|Any CPU.ActiveCfg = Debug|Any CPU
		{9653D0C1-FECF-425C-8FB8-A1190CF9D452}.Debug|Any CPU.Build.0 = Debug|Any CPU
		{9653D0C1-FECF-425C-8FB8-A1190CF9D452}.Release|Any CPU.ActiveCfg = Release|Any CPU
		{9653D0C1-FECF-425C-8FB8-A1190CF9D452}.Release|Any CPU.Build.0 = Release|Any CPU
	EndGlobalSection
	GlobalSection(SolutionProperties) = preSolution
		HideSolutionNode = FALSE
	EndGlobalSection
	GlobalSection(ExtensibilityGlobals) = postSolution
		SolutionGuid = {4180F984-FC36-4ECD-8DB4-9E4BA3F3850D}
	EndGlobalSection
EndGlobal
